lockfileVersion: '9.0'

settings:
  autoInstallPeers: true
  excludeLinksFromLockfile: false

importers:

  .:
    dependencies:
      '@aklapper/games-components':
        specifier: workspace:*
        version: link:../../../../packages/games-components
      '@aklapper/react-shared':
        specifier: workspace:*
        version: link:../../../../packages/react-shared
      '@aklapper/types':
        specifier: workspace:*
        version: link:../../../../packages/types
